
Microsoft Visual Studio Solution File, Format Version 12.00
# Visual Studio Version 16
VisualStudioVersion = 16.0.29424.173
MinimumVisualStudioVersion = 15.0.26124.0
Project("{E53339B2-1760-4266-BCC7-CA923CBCF16C}") = "docker-compose", "docker-compose.dcproj", "{F817047F-018D-4F93-BDA5-58602073B634}"
EndProject
Project("{2150E333-8FDC-42A3-9474-1A3956D46DE8}") = "src", "src", "{A8F8D95B-2E55-4E8B-A188-9860F141EC6C}"
EndProject
Project("{FAE04EC0-301F-11D3-BF4B-00C04F79EFBC}") = "SsoProject.Admin", "src\SsoProject.Admin\SsoProject.Admin.csproj", "{1A579F18-3167-4E3A-9CB0-BE345BE31DBE}"
EndProject
Project("{FAE04EC0-301F-11D3-BF4B-00C04F79EFBC}") = "SsoProject.STS.Identity", "src\SsoProject.STS.Identity\SsoProject.STS.Identity.csproj", "{461C39A4-10D3-4D7C-B606-8BAEA43A62EE}"
EndProject
Project("{FAE04EC0-301F-11D3-BF4B-00C04F79EFBC}") = "SsoProject.Admin.Api", "src\SsoProject.Admin.Api\SsoProject.Admin.Api.csproj", "{F3280C50-C0B2-4EC8-BCC2-D26F9EFBC47F}"
EndProject
Project("{FAE04EC0-301F-11D3-BF4B-00C04F79EFBC}") = "SsoProject.Admin.EntityFramework.Shared", "src\SsoProject.Admin.EntityFramework.Shared\SsoProject.Admin.EntityFramework.Shared.csproj", "{B8A30060-6337-4BAD-8FEF-1B4ABCFD1ED0}"
EndProject
Project("{FAE04EC0-301F-11D3-BF4B-00C04F79EFBC}") = "SsoProject.Admin.EntityFramework.MySql", "src\SsoProject.Admin.EntityFramework.MySql\SsoProject.Admin.EntityFramework.MySql.csproj", "{5058F566-DF52-4F24-B564-28AB7905C043}"
EndProject
Project("{FAE04EC0-301F-11D3-BF4B-00C04F79EFBC}") = "SsoProject.Admin.EntityFramework.PostgreSQL", "src\SsoProject.Admin.EntityFramework.PostgreSQL\SsoProject.Admin.EntityFramework.PostgreSQL.csproj", "{DA7F7138-534E-4FBE-B4E4-E95D38173452}"
EndProject
Project("{FAE04EC0-301F-11D3-BF4B-00C04F79EFBC}") = "SsoProject.Admin.EntityFramework.SqlServer", "src\SsoProject.Admin.EntityFramework.SqlServer\SsoProject.Admin.EntityFramework.SqlServer.csproj", "{5451EB9A-33E9-40D7-8681-716F65ED5E1B}"
EndProject
Project("{FAE04EC0-301F-11D3-BF4B-00C04F79EFBC}") = "SsoProject.Shared", "src\SsoProject.Shared\SsoProject.Shared.csproj", "{3EC92AEE-8F22-4433-BB22-B62EDBBBFB2F}"
EndProject
Global
	GlobalSection(SolutionConfigurationPlatforms) = preSolution
		Debug|Any CPU = Debug|Any CPU
		Debug|x64 = Debug|x64
		Debug|x86 = Debug|x86
		Release|Any CPU = Release|Any CPU
		Release|x64 = Release|x64
		Release|x86 = Release|x86
	EndGlobalSection
	GlobalSection(ProjectConfigurationPlatforms) = postSolution
		{F817047F-018D-4F93-BDA5-58602073B634}.Debug|Any CPU.ActiveCfg = Debug|Any CPU
		{F817047F-018D-4F93-BDA5-58602073B634}.Debug|Any CPU.Build.0 = Debug|Any CPU
		{F817047F-018D-4F93-BDA5-58602073B634}.Debug|x64.ActiveCfg = Debug|Any CPU
		{F817047F-018D-4F93-BDA5-58602073B634}.Debug|x64.Build.0 = Debug|Any CPU
		{F817047F-018D-4F93-BDA5-58602073B634}.Debug|x86.ActiveCfg = Debug|Any CPU
		{F817047F-018D-4F93-BDA5-58602073B634}.Debug|x86.Build.0 = Debug|Any CPU
		{F817047F-018D-4F93-BDA5-58602073B634}.Release|Any CPU.ActiveCfg = Release|Any CPU
		{F817047F-018D-4F93-BDA5-58602073B634}.Release|Any CPU.Build.0 = Release|Any CPU
		{F817047F-018D-4F93-BDA5-58602073B634}.Release|x64.ActiveCfg = Release|Any CPU
		{F817047F-018D-4F93-BDA5-58602073B634}.Release|x64.Build.0 = Release|Any CPU
		{F817047F-018D-4F93-BDA5-58602073B634}.Release|x86.ActiveCfg = Release|Any CPU
		{F817047F-018D-4F93-BDA5-58602073B634}.Release|x86.Build.0 = Release|Any CPU
		{1A579F18-3167-4E3A-9CB0-BE345BE31DBE}.Debug|Any CPU.ActiveCfg = Debug|Any CPU
		{1A579F18-3167-4E3A-9CB0-BE345BE31DBE}.Debug|Any CPU.Build.0 = Debug|Any CPU
		{1A579F18-3167-4E3A-9CB0-BE345BE31DBE}.Debug|x64.ActiveCfg = Debug|Any CPU
		{1A579F18-3167-4E3A-9CB0-BE345BE31DBE}.Debug|x64.Build.0 = Debug|Any CPU
		{1A579F18-3167-4E3A-9CB0-BE345BE31DBE}.Debug|x86.ActiveCfg = Debug|Any CPU
		{1A579F18-3167-4E3A-9CB0-BE345BE31DBE}.Debug|x86.Build.0 = Debug|Any CPU
		{1A579F18-3167-4E3A-9CB0-BE345BE31DBE}.Release|Any CPU.ActiveCfg = Release|Any CPU
		{1A579F18-3167-4E3A-9CB0-BE345BE31DBE}.Release|Any CPU.Build.0 = Release|Any CPU
		{1A579F18-3167-4E3A-9CB0-BE345BE31DBE}.Release|x64.ActiveCfg = Release|Any CPU
		{1A579F18-3167-4E3A-9CB0-BE345BE31DBE}.Release|x64.Build.0 = Release|Any CPU
		{1A579F18-3167-4E3A-9CB0-BE345BE31DBE}.Release|x86.ActiveCfg = Release|Any CPU
		{1A579F18-3167-4E3A-9CB0-BE345BE31DBE}.Release|x86.Build.0 = Release|Any CPU
		{461C39A4-10D3-4D7C-B606-8BAEA43A62EE}.Debug|Any CPU.ActiveCfg = Debug|Any CPU
		{461C39A4-10D3-4D7C-B606-8BAEA43A62EE}.Debug|Any CPU.Build.0 = Debug|Any CPU
		{461C39A4-10D3-4D7C-B606-8BAEA43A62EE}.Debug|x64.ActiveCfg = Debug|Any CPU
		{461C39A4-10D3-4D7C-B606-8BAEA43A62EE}.Debug|x64.Build.0 = Debug|Any CPU
		{461C39A4-10D3-4D7C-B606-8BAEA43A62EE}.Debug|x86.ActiveCfg = Debug|Any CPU
		{461C39A4-10D3-4D7C-B606-8BAEA43A62EE}.Debug|x86.Build.0 = Debug|Any CPU
		{461C39A4-10D3-4D7C-B606-8BAEA43A62EE}.Release|Any CPU.ActiveCfg = Release|Any CPU
		{461C39A4-10D3-4D7C-B606-8BAEA43A62EE}.Release|Any CPU.Build.0 = Release|Any CPU
		{461C39A4-10D3-4D7C-B606-8BAEA43A62EE}.Release|x64.ActiveCfg = Release|Any CPU
		{461C39A4-10D3-4D7C-B606-8BAEA43A62EE}.Release|x64.Build.0 = Release|Any CPU
		{461C39A4-10D3-4D7C-B606-8BAEA43A62EE}.Release|x86.ActiveCfg = Release|Any CPU
		{461C39A4-10D3-4D7C-B606-8BAEA43A62EE}.Release|x86.Build.0 = Release|Any CPU
		{F3280C50-C0B2-4EC8-BCC2-D26F9EFBC47F}.Debug|Any CPU.ActiveCfg = Debug|Any CPU
		{F3280C50-C0B2-4EC8-BCC2-D26F9EFBC47F}.Debug|Any CPU.Build.0 = Debug|Any CPU
		{F3280C50-C0B2-4EC8-BCC2-D26F9EFBC47F}.Debug|x64.ActiveCfg = Debug|Any CPU
		{F3280C50-C0B2-4EC8-BCC2-D26F9EFBC47F}.Debug|x64.Build.0 = Debug|Any CPU
		{F3280C50-C0B2-4EC8-BCC2-D26F9EFBC47F}.Debug|x86.ActiveCfg = Debug|Any CPU
		{F3280C50-C0B2-4EC8-BCC2-D26F9EFBC47F}.Debug|x86.Build.0 = Debug|Any CPU
		{F3280C50-C0B2-4EC8-BCC2-D26F9EFBC47F}.Release|Any CPU.ActiveCfg = Release|Any CPU
		{F3280C50-C0B2-4EC8-BCC2-D26F9EFBC47F}.Release|Any CPU.Build.0 = Release|Any CPU
		{F3280C50-C0B2-4EC8-BCC2-D26F9EFBC47F}.Release|x64.ActiveCfg = Release|Any CPU
		{F3280C50-C0B2-4EC8-BCC2-D26F9EFBC47F}.Release|x64.Build.0 = Release|Any CPU
		{F3280C50-C0B2-4EC8-BCC2-D26F9EFBC47F}.Release|x86.ActiveCfg = Release|Any CPU
		{F3280C50-C0B2-4EC8-BCC2-D26F9EFBC47F}.Release|x86.Build.0 = Release|Any CPU
		{B8A30060-6337-4BAD-8FEF-1B4ABCFD1ED0}.Debug|Any CPU.ActiveCfg = Debug|Any CPU
		{B8A30060-6337-4BAD-8FEF-1B4ABCFD1ED0}.Debug|Any CPU.Build.0 = Debug|Any CPU
		{B8A30060-6337-4BAD-8FEF-1B4ABCFD1ED0}.Debug|x64.ActiveCfg = Debug|Any CPU
		{B8A30060-6337-4BAD-8FEF-1B4ABCFD1ED0}.Debug|x64.Build.0 = Debug|Any CPU
		{B8A30060-6337-4BAD-8FEF-1B4ABCFD1ED0}.Debug|x86.ActiveCfg = Debug|Any CPU
		{B8A30060-6337-4BAD-8FEF-1B4ABCFD1ED0}.Debug|x86.Build.0 = Debug|Any CPU
		{B8A30060-6337-4BAD-8FEF-1B4ABCFD1ED0}.Release|Any CPU.ActiveCfg = Release|Any CPU
		{B8A30060-6337-4BAD-8FEF-1B4ABCFD1ED0}.Release|Any CPU.Build.0 = Release|Any CPU
		{B8A30060-6337-4BAD-8FEF-1B4ABCFD1ED0}.Release|x64.ActiveCfg = Release|Any CPU
		{B8A30060-6337-4BAD-8FEF-1B4ABCFD1ED0}.Release|x64.Build.0 = Release|Any CPU
		{B8A30060-6337-4BAD-8FEF-1B4ABCFD1ED0}.Release|x86.ActiveCfg = Release|Any CPU
		{B8A30060-6337-4BAD-8FEF-1B4ABCFD1ED0}.Release|x86.Build.0 = Release|Any CPU
		{5058F566-DF52-4F24-B564-28AB7905C043}.Debug|Any CPU.ActiveCfg = Debug|Any CPU
		{5058F566-DF52-4F24-B564-28AB7905C043}.Debug|Any CPU.Build.0 = Debug|Any CPU
		{5058F566-DF52-4F24-B564-28AB7905C043}.Debug|x64.ActiveCfg = Debug|Any CPU
		{5058F566-DF52-4F24-B564-28AB7905C043}.Debug|x64.Build.0 = Debug|Any CPU
		{5058F566-DF52-4F24-B564-28AB7905C043}.Debug|x86.ActiveCfg = Debug|Any CPU
		{5058F566-DF52-4F24-B564-28AB7905C043}.Debug|x86.Build.0 = Debug|Any CPU
		{5058F566-DF52-4F24-B564-28AB7905C043}.Release|Any CPU.ActiveCfg = Release|Any CPU
		{5058F566-DF52-4F24-B564-28AB7905C043}.Release|Any CPU.Build.0 = Release|Any CPU
		{5058F566-DF52-4F24-B564-28AB7905C043}.Release|x64.ActiveCfg = Release|Any CPU
		{5058F566-DF52-4F24-B564-28AB7905C043}.Release|x64.Build.0 = Release|Any CPU
		{5058F566-DF52-4F24-B564-28AB7905C043}.Release|x86.ActiveCfg = Release|Any CPU
		{5058F566-DF52-4F24-B564-28AB7905C043}.Release|x86.Build.0 = Release|Any CPU
		{DA7F7138-534E-4FBE-B4E4-E95D38173452}.Debug|Any CPU.ActiveCfg = Debug|Any CPU
		{DA7F7138-534E-4FBE-B4E4-E95D38173452}.Debug|Any CPU.Build.0 = Debug|Any CPU
		{DA7F7138-534E-4FBE-B4E4-E95D38173452}.Debug|x64.ActiveCfg = Debug|Any CPU
		{DA7F7138-534E-4FBE-B4E4-E95D38173452}.Debug|x64.Build.0 = Debug|Any CPU
		{DA7F7138-534E-4FBE-B4E4-E95D38173452}.Debug|x86.ActiveCfg = Debug|Any CPU
		{DA7F7138-534E-4FBE-B4E4-E95D38173452}.Debug|x86.Build.0 = Debug|Any CPU
		{DA7F7138-534E-4FBE-B4E4-E95D38173452}.Release|Any CPU.ActiveCfg = Release|Any CPU
		{DA7F7138-534E-4FBE-B4E4-E95D38173452}.Release|Any CPU.Build.0 = Release|Any CPU
		{DA7F7138-534E-4FBE-B4E4-E95D38173452}.Release|x64.ActiveCfg = Release|Any CPU
		{DA7F7138-534E-4FBE-B4E4-E95D38173452}.Release|x64.Build.0 = Release|Any CPU
		{DA7F7138-534E-4FBE-B4E4-E95D38173452}.Release|x86.ActiveCfg = Release|Any CPU
		{DA7F7138-534E-4FBE-B4E4-E95D38173452}.Release|x86.Build.0 = Release|Any CPU
		{5451EB9A-33E9-40D7-8681-716F65ED5E1B}.Debug|Any CPU.ActiveCfg = Debug|Any CPU
		{5451EB9A-33E9-40D7-8681-716F65ED5E1B}.Debug|Any CPU.Build.0 = Debug|Any CPU
		{5451EB9A-33E9-40D7-8681-716F65ED5E1B}.Debug|x64.ActiveCfg = Debug|Any CPU
		{5451EB9A-33E9-40D7-8681-716F65ED5E1B}.Debug|x64.Build.0 = Debug|Any CPU
		{5451EB9A-33E9-40D7-8681-716F65ED5E1B}.Debug|x86.ActiveCfg = Debug|Any CPU
		{5451EB9A-33E9-40D7-8681-716F65ED5E1B}.Debug|x86.Build.0 = Debug|Any CPU
		{5451EB9A-33E9-40D7-8681-716F65ED5E1B}.Release|Any CPU.ActiveCfg = Release|Any CPU
		{5451EB9A-33E9-40D7-8681-716F65ED5E1B}.Release|Any CPU.Build.0 = Release|Any CPU
		{5451EB9A-33E9-40D7-8681-716F65ED5E1B}.Release|x64.ActiveCfg = Release|Any CPU
		{5451EB9A-33E9-40D7-8681-716F65ED5E1B}.Release|x64.Build.0 = Release|Any CPU
		{5451EB9A-33E9-40D7-8681-716F65ED5E1B}.Release|x86.ActiveCfg = Release|Any CPU
		{5451EB9A-33E9-40D7-8681-716F65ED5E1B}.Release|x86.Build.0 = Release|Any CPU
		{3EC92AEE-8F22-4433-BB22-B62EDBBBFB2F}.Debug|Any CPU.ActiveCfg = Debug|Any CPU
		{3EC92AEE-8F22-4433-BB22-B62EDBBBFB2F}.Debug|Any CPU.Build.0 = Debug|Any CPU
		{3EC92AEE-8F22-4433-BB22-B62EDBBBFB2F}.Debug|x64.ActiveCfg = Debug|Any CPU
		{3EC92AEE-8F22-4433-BB22-B62EDBBBFB2F}.Debug|x64.Build.0 = Debug|Any CPU
		{3EC92AEE-8F22-4433-BB22-B62EDBBBFB2F}.Debug|x86.ActiveCfg = Debug|Any CPU
		{3EC92AEE-8F22-4433-BB22-B62EDBBBFB2F}.Debug|x86.Build.0 = Debug|Any CPU
		{3EC92AEE-8F22-4433-BB22-B62EDBBBFB2F}.Release|Any CPU.ActiveCfg = Release|Any CPU
		{3EC92AEE-8F22-4433-BB22-B62EDBBBFB2F}.Release|Any CPU.Build.0 = Release|Any CPU
		{3EC92AEE-8F22-4433-BB22-B62EDBBBFB2F}.Release|x64.ActiveCfg = Release|Any CPU
		{3EC92AEE-8F22-4433-BB22-B62EDBBBFB2F}.Release|x64.Build.0 = Release|Any CPU
		{3EC92AEE-8F22-4433-BB22-B62EDBBBFB2F}.Release|x86.ActiveCfg = Release|Any CPU
		{3EC92AEE-8F22-4433-BB22-B62EDBBBFB2F}.Release|x86.Build.0 = Release|Any CPU
	EndGlobalSection
	GlobalSection(SolutionProperties) = preSolution
		HideSolutionNode = FALSE
	EndGlobalSection
	GlobalSection(ExtensibilityGlobals) = postSolution
		SolutionGuid = {549F6BA2-7BF0-4104-9088-47D242078F31}
	EndGlobalSection
	GlobalSection(NestedProjects) = preSolution
		{1A579F18-3167-4E3A-9CB0-BE345BE31DBE} = {A8F8D95B-2E55-4E8B-A188-9860F141EC6C}
		{461C39A4-10D3-4D7C-B606-8BAEA43A62EE} = {A8F8D95B-2E55-4E8B-A188-9860F141EC6C}
		{F3280C50-C0B2-4EC8-BCC2-D26F9EFBC47F} = {A8F8D95B-2E55-4E8B-A188-9860F141EC6C}
		{B8A30060-6337-4BAD-8FEF-1B4ABCFD1ED0} = {A8F8D95B-2E55-4E8B-A188-9860F141EC6C}
		{5058F566-DF52-4F24-B564-28AB7905C043} = {A8F8D95B-2E55-4E8B-A188-9860F141EC6C}
		{DA7F7138-534E-4FBE-B4E4-E95D38173452} = {A8F8D95B-2E55-4E8B-A188-9860F141EC6C}
		{5451EB9A-33E9-40D7-8681-716F65ED5E1B} = {A8F8D95B-2E55-4E8B-A188-9860F141EC6C}
		{3EC92AEE-8F22-4433-BB22-B62EDBBBFB2F} = {A8F8D95B-2E55-4E8B-A188-9860F141EC6C}
	EndGlobalSection
EndGlobal
